
Microsoft Visual Studio Solution File, Format Version 12.00
Project("{FAE04EC0-301F-11D3-BF4B-00C04F79EFBC}") = "FSLInvesting.Api", "FSLInvesting.Api\FSLInvesting.Api.csproj", "{60425262-2578-4642-8176-8783A6B640D8}"
EndProject
Project("{FAE04EC0-301F-11D3-BF4B-00C04F79EFBC}") = "FSLInvesting.Models", "FSLInvesting.Models\FSLInvesting.Models.csproj", "{9E03AB4F-FF0C-4757-8883-653B8649D595}"
EndProject
Project("{FAE04EC0-301F-11D3-BF4B-00C04F79EFBC}") = "FSLInvesting.App", "FSLInvesting.App\FSLInvesting.App.csproj", "{DAED42FB-0703-4535-AFA4-CB7EF8C00973}"
EndProject
Global
	GlobalSection(SolutionConfigurationPlatforms) = preSolution
		Debug|Any CPU = Debug|Any CPU
		Release|Any CPU = Release|Any CPU
	EndGlobalSection
	GlobalSection(ProjectConfigurationPlatforms) = postSolution
		{60425262-2578-4642-8176-8783A6B640D8}.Debug|Any CPU.ActiveCfg = Debug|Any CPU
		{60425262-2578-4642-8176-8783A6B640D8}.Debug|Any CPU.Build.0 = Debug|Any CPU
		{60425262-2578-4642-8176-8783A6B640D8}.Release|Any CPU.ActiveCfg = Release|Any CPU
		{60425262-2578-4642-8176-8783A6B640D8}.Release|Any CPU.Build.0 = Release|Any CPU
		{9E03AB4F-FF0C-4757-8883-653B8649D595}.Debug|Any CPU.ActiveCfg = Debug|Any CPU
		{9E03AB4F-FF0C-4757-8883-653B8649D595}.Debug|Any CPU.Build.0 = Debug|Any CPU
		{9E03AB4F-FF0C-4757-8883-653B8649D595}.Release|Any CPU.ActiveCfg = Release|Any CPU
		{9E03AB4F-FF0C-4757-8883-653B8649D595}.Release|Any CPU.Build.0 = Release|Any CPU
		{DAED42FB-0703-4535-AFA4-CB7EF8C00973}.Debug|Any CPU.ActiveCfg = Debug|Any CPU
		{DAED42FB-0703-4535-AFA4-CB7EF8C00973}.Debug|Any CPU.Build.0 = Debug|Any CPU
		{DAED42FB-0703-4535-AFA4-CB7EF8C00973}.Release|Any CPU.ActiveCfg = Release|Any CPU
		{DAED42FB-0703-4535-AFA4-CB7EF8C00973}.Release|Any CPU.Build.0 = Release|Any CPU
	EndGlobalSection
EndGlobal
